# This file was autogenerated by Stack.
# You should not edit this file by hand.
# For more information, please see the documentation at:
#   https://docs.haskellstack.org/en/stable/lock_files

packages:
- completed:
    hackage: hspec-2.7.9@sha256:74cc9958698d9964047072971cb5557c95ebb4ee8a605d8a9458ac86a41da6ec,1709
    pantry-tree:
      sha256: 0505115fce89d92eea16223d996e7aae57302c83d588db0de84abdd1b110a230
      size: 583
  original:
    hackage: hspec-2.7.9
- completed:
    hackage: hspec-discover-2.7.9@sha256:7b16072af84135b8a66c4fd2cce3a9b30d0a6509ac4ca6cb4394ab038efc8ed5,2183
    pantry-tree:
      sha256: ee98d716f75904f3d7359c2a4df85cddff94e70befd6a687d5d8c17346cecaed
      size: 1131
  original:
    hackage: hspec-discover-2.7.9
- completed:
    hackage: QuickCheck-2.14.2@sha256:4ce29211223d5e6620ebceba34a3ca9ccf1c10c0cf387d48aea45599222ee5aa,7736
    pantry-tree:
      sha256: 2fe423d0ed7cd64f0f165d708779f48814e66c4f181c568468134af55d86a5f8
      size: 2315
  original:
    hackage: QuickCheck-2.14.2
- completed:
    hackage: hspec-core-2.7.9@sha256:5153ef21166ad380abf800cae27a3956ed5409bf1a1f1b58356733747a03bff5,4730
    pantry-tree:
      sha256: f07977ee2b6f33671b4fa993f579179f2b07b78a4d8cd2a1989b537afaeb0360
      size: 3886
  original:
    hackage: hspec-core-2.7.9
- completed:
    hackage: hspec-expectations-0.8.2@sha256:e2db24881baadc2d9d23b03cb629e80dcbda89a6b04ace9adb5f4d02ef8b31aa,1594
    pantry-tree:
      sha256: cba2c119c85cf68a18d35cccb365d032359442c82ceb93b295020609712d791f
      size: 602
  original:
    hackage: hspec-expectations-0.8.2
- completed:
    hackage: HUnit-1.6.2.0@sha256:1a79174e8af616117ad39464cac9de205ca923da6582825e97c10786fda933a4,1588
    pantry-tree:
      sha256: 4f20a5a33866171260d0ee1e256c27f53cc84d37a68d498c3e12347f4e3d05b4
      size: 878
  original:
    hackage: HUnit-1.6.2.0@sha256:1a79174e8af616117ad39464cac9de205ca923da6582825e97c10786fda933a4,1588
- completed:
    hackage: ansi-terminal-0.11.5@sha256:2fe3d006b9ea0dc1a5537a029edb0bc2bbe56a33a6d95264b38b54c58e931e51,3752
    pantry-tree:
      sha256: a9564fdb057ec50fd46b14cd2964fff101dcd0ed5a8c13b72ddeba736a600cba
      size: 1388
  original:
    hackage: ansi-terminal-0.11.5@sha256:2fe3d006b9ea0dc1a5537a029edb0bc2bbe56a33a6d95264b38b54c58e931e51,3752
- completed:
    hackage: call-stack-0.4.0@sha256:ac44d2c00931dc20b01750da8c92ec443eb63a7231e8550188cb2ac2385f7feb,1200
    pantry-tree:
      sha256: 04134fa69cdd824b4e4bb7f77e7173e0705f27deabdbbf99549c549400191e1e
      size: 501
  original:
    hackage: call-stack-0.4.0@sha256:ac44d2c00931dc20b01750da8c92ec443eb63a7231e8550188cb2ac2385f7feb,1200
- completed:
    hackage: clock-0.8.3@sha256:a692159828c2cd278eaec317b3a7e9fb6d7b787c8a19f086004d15d9fa1fd72c,4601
    pantry-tree:
      sha256: 3e62393d5c7671b21d8aa84ef9ee0550334053711c80b5beeca295466a6615c7
      size: 499
  original:
    hackage: clock-0.8.3@sha256:a692159828c2cd278eaec317b3a7e9fb6d7b787c8a19f086004d15d9fa1fd72c,4601
- completed:
    hackage: quickcheck-io-0.2.0@sha256:7bf0b68fb90873825eb2e5e958c1b76126dcf984debb998e81673e6d837e0b2d,1133
    pantry-tree:
      sha256: afaa27fbf8b35aa7ce174abd9c59a84a12fd7f3d08300c3280b22c1d204f11ca
      size: 223
  original:
    hackage: quickcheck-io-0.2.0@sha256:7bf0b68fb90873825eb2e5e958c1b76126dcf984debb998e81673e6d837e0b2d,1133
- completed:
    hackage: random-1.2.1.1@sha256:dea1f11e5569332dc6c8efaad1cb301016a5587b6754943a49f9de08ae0e56d9,6541
    pantry-tree:
      sha256: 646ee77fe01178837ee928b61ae8653dcf190e9b5353ebebd094079c77a18b76
      size: 1528
  original:
    hackage: random-1.2.1.1@sha256:dea1f11e5569332dc6c8efaad1cb301016a5587b6754943a49f9de08ae0e56d9,6541
- completed:
    hackage: setenv-0.1.1.3@sha256:c5916ac0d2a828473cd171261328a290afe0abd799db1ac8c310682fe778c45b,1053
    pantry-tree:
      sha256: 9a071cf2552e6881cd3ac0ce81252d5b96ac7f42cae517d973ea167e3d503265
      size: 212
  original:
    hackage: setenv-0.1.1.3@sha256:c5916ac0d2a828473cd171261328a290afe0abd799db1ac8c310682fe778c45b,1053
- completed:
    hackage: splitmix-0.1.0.4@sha256:db25c2e17967aa6b6046ab8b1b96ba3f344ca59a62b60fb6113d51ea305a3d8e,6537
    pantry-tree:
      sha256: d0ee67a1005ff3b666d3edce14e0b1f9ff966de7d090f6340fd436d958293839
      size: 1519
  original:
    hackage: splitmix-0.1.0.4@sha256:db25c2e17967aa6b6046ab8b1b96ba3f344ca59a62b60fb6113d51ea305a3d8e,6537
- completed:
    hackage: tf-random-0.5@sha256:14012837d0f0e18fdbbe3d56e67da8622ee5e20b180abce952dd50bd9f36b326,3983
    pantry-tree:
      sha256: d6483580cfea846cbf23ff1d7a67849546d5096425b6d61318a34554043b4ffb
      size: 941
  original:
    hackage: tf-random-0.5@sha256:14012837d0f0e18fdbbe3d56e67da8622ee5e20b180abce952dd50bd9f36b326,3983
- completed:
    hackage: ansi-terminal-types-0.11.5@sha256:f78440dfd95c4509e88855ac7cc2d9566ddf956a92c1290404cac93ad1a1b00a,1482
    pantry-tree:
      sha256: 0a03e697837c4fae43543f3be0fcf9d88157ba637fbd1b656fc8bf79b1656a14
      size: 291
  original:
    hackage: ansi-terminal-types-0.11.5@sha256:f78440dfd95c4509e88855ac7cc2d9566ddf956a92c1290404cac93ad1a1b00a,1482
- completed:
    hackage: colour-2.3.6@sha256:ebdcbf15023958838a527e381ab3c3b1e99ed12d1b25efeb7feaa4ad8c37664a,2378
    pantry-tree:
      sha256: 03f8e22f364deb86098dbfbe0bf83c896437b2355f139abdac0402658fb6ac7e
      size: 1183
  original:
    hackage: colour-2.3.6@sha256:ebdcbf15023958838a527e381ab3c3b1e99ed12d1b25efeb7feaa4ad8c37664a,2378
- completed:
    hackage: primitive-0.8.0.0@sha256:826bf2a702a26ef87532a135808abad69d74f70ead39f26c06d034b1f0537a19,3104
    pantry-tree:
      sha256: eaf8b0689d5a3cbc38b5a5b4bf665ec5822ad0060e8876b26bf6f13b9741295a
      size: 1721
  original:
    hackage: primitive-0.8.0.0@sha256:826bf2a702a26ef87532a135808abad69d74f70ead39f26c06d034b1f0537a19,3104
- completed:
    hackage: data-array-byte-0.1.0.1@sha256:2ef1bd3511e82ba56f7f23cd793dd2da84338a1e7c2cbea5b151417afe3baada,1989
    pantry-tree:
      sha256: 3e2e40055eef1b63c43900296d2584d2911a24ad7016d3d73bd9c73150287212
      size: 326
  original:
    hackage: data-array-byte-0.1.0.1@sha256:2ef1bd3511e82ba56f7f23cd793dd2da84338a1e7c2cbea5b151417afe3baada,1989
snapshots: []
